
Microsoft Visual Studio Solution File, Format Version 12.00
# Visual Studio Version 17
VisualStudioVersion = 17.6.33723.286
MinimumVisualStudioVersion = 10.0.40219.1
Project("{FAE04EC0-301F-11D3-BF4B-00C04F79EFBC}") = "YusaTosun.AspNetCoreIdentityApp.Web", "YusaTosun.AspNetCoreIdentityApp.Web\YusaTosun.AspNetCoreIdentityApp.Web.csproj", "{B0B1C751-7021-4BF9-8865-BF7FEDB51540}"
EndProject
Global
	GlobalSection(SolutionConfigurationPlatforms) = preSolution
		Debug|Any CPU = Debug|Any CPU
		Release|Any CPU = Release|Any CPU
	EndGlobalSection
	GlobalSection(ProjectConfigurationPlatforms) = postSolution
		{B0B1C751-7021-4BF9-8865-BF7FEDB51540}.Debug|Any CPU.ActiveCfg = Debug|Any CPU
		{B0B1C751-7021-4BF9-8865-BF7FEDB51540}.Debug|Any CPU.Build.0 = Debug|Any CPU
		{B0B1C751-7021-4BF9-8865-BF7FEDB51540}.Release|Any CPU.ActiveCfg = Release|Any CPU
		{B0B1C751-7021-4BF9-8865-BF7FEDB51540}.Release|Any CPU.Build.0 = Release|Any CPU
	EndGlobalSection
	GlobalSection(SolutionProperties) = preSolution
		HideSolutionNode = FALSE
	EndGlobalSection
	GlobalSection(ExtensibilityGlobals) = postSolution
		SolutionGuid = {C4B96F96-C740-4595-A549-625AC78E78D5}
	EndGlobalSection
EndGlobal
